
Microsoft Visual Studio Solution File, Format Version 12.00
# Visual Studio Version 16
VisualStudioVersion = 16.0.30204.135
MinimumVisualStudioVersion = 10.0.40219.1
Project("{9A19103F-16F7-4668-BE54-9A1E7A4F7556}") = "webBancoGeneroso", "webBancoGeneroso.csproj", "{8F06BE2C-D5A7-47A4-8869-F12DDDD851BA}"
EndProject
Global
	GlobalSection(SolutionConfigurationPlatforms) = preSolution
		Debug|Any CPU = Debug|Any CPU
		Release|Any CPU = Release|Any CPU
	EndGlobalSection
	GlobalSection(ProjectConfigurationPlatforms) = postSolution
		{8F06BE2C-D5A7-47A4-8869-F12DDDD851BA}.Debug|Any CPU.ActiveCfg = Debug|Any CPU
		{8F06BE2C-D5A7-47A4-8869-F12DDDD851BA}.Debug|Any CPU.Build.0 = Debug|Any CPU
		{8F06BE2C-D5A7-47A4-8869-F12DDDD851BA}.Release|Any CPU.ActiveCfg = Release|Any CPU
		{8F06BE2C-D5A7-47A4-8869-F12DDDD851BA}.Release|Any CPU.Build.0 = Release|Any CPU
	EndGlobalSection
	GlobalSection(SolutionProperties) = preSolution
		HideSolutionNode = FALSE
	EndGlobalSection
	GlobalSection(ExtensibilityGlobals) = postSolution
		SolutionGuid = {FD6EA3D2-3056-48EA-AB71-98386750D1CF}
	EndGlobalSection
EndGlobal
